
Microsoft Visual Studio Solution File, Format Version 12.00
# Visual Studio Version 17
VisualStudioVersion = 17.11.35303.130
MinimumVisualStudioVersion = 10.0.40219.1
Project("{FAE04EC0-301F-11D3-BF4B-00C04F79EFBC}") = "NZWalks.API", "NZWalks.API\NZWalks.API.csproj", "{BA5E8278-5B85-4630-972A-ADB7554D73CA}"
EndProject
Global
	GlobalSection(SolutionConfigurationPlatforms) = preSolution
		Debug|Any CPU = Debug|Any CPU
		Release|Any CPU = Release|Any CPU
	EndGlobalSection
	GlobalSection(ProjectConfigurationPlatforms) = postSolution
		{BA5E8278-5B85-4630-972A-ADB7554D73CA}.Debug|Any CPU.ActiveCfg = Debug|Any CPU
		{BA5E8278-5B85-4630-972A-ADB7554D73CA}.Debug|Any CPU.Build.0 = Debug|Any CPU
		{BA5E8278-5B85-4630-972A-ADB7554D73CA}.Release|Any CPU.ActiveCfg = Release|Any CPU
		{BA5E8278-5B85-4630-972A-ADB7554D73CA}.Release|Any CPU.Build.0 = Release|Any CPU
	EndGlobalSection
	GlobalSection(SolutionProperties) = preSolution
		HideSolutionNode = FALSE
	EndGlobalSection
	GlobalSection(ExtensibilityGlobals) = postSolution
		SolutionGuid = {A8BE81BA-246B-483B-B501-81A4357D4284}
	EndGlobalSection
EndGlobal
